
Microsoft Visual Studio Solution File, Format Version 12.00
# Visual Studio Version 17
VisualStudioVersion = 17.8.34219.65
MinimumVisualStudioVersion = 10.0.40219.1
Project("{FAE04EC0-301F-11D3-BF4B-00C04F79EFBC}") = "webappi", "webappi\webappi.csproj", "{31C20E6F-7A59-4CEB-9A75-F648ACF38C74}"
EndProject
Global
	GlobalSection(SolutionConfigurationPlatforms) = preSolution
		Debug|Any CPU = Debug|Any CPU
		Release|Any CPU = Release|Any CPU
	EndGlobalSection
	GlobalSection(ProjectConfigurationPlatforms) = postSolution
		{31C20E6F-7A59-4CEB-9A75-F648ACF38C74}.Debug|Any CPU.ActiveCfg = Debug|Any CPU
		{31C20E6F-7A59-4CEB-9A75-F648ACF38C74}.Debug|Any CPU.Build.0 = Debug|Any CPU
		{31C20E6F-7A59-4CEB-9A75-F648ACF38C74}.Release|Any CPU.ActiveCfg = Release|Any CPU
		{31C20E6F-7A59-4CEB-9A75-F648ACF38C74}.Release|Any CPU.Build.0 = Release|Any CPU
	EndGlobalSection
	GlobalSection(SolutionProperties) = preSolution
		HideSolutionNode = FALSE
	EndGlobalSection
	GlobalSection(ExtensibilityGlobals) = postSolution
		SolutionGuid = {F99C3B51-E76F-4C9B-AED1-70F29F1DB6E6}
	EndGlobalSection
EndGlobal
